
Microsoft Visual Studio Solution File, Format Version 12.00
# Visual Studio 2013
VisualStudioVersion = 12.0.40629.0
MinimumVisualStudioVersion = 10.0.40219.1
Project("{8BC9CEB8-8B4A-11D0-8D11-00A0C91BC942}") = "dosdemo", "dosdemo.vcxproj", "{15AB3B8C-B8BE-42ED-9DBC-EAE9C8FB9B9F}"
	ProjectSection(ProjectDependencies) = postProject
		{5DDB5403-A105-470E-882B-4276EFDDAAB0} = {5DDB5403-A105-470E-882B-4276EFDDAAB0}
		{A5835F2B-734E-4730-8D0B-6288CDA4F73C} = {A5835F2B-734E-4730-8D0B-6288CDA4F73C}
	EndProjectSection
EndProject
Project("{8BC9CEB8-8B4A-11D0-8D11-00A0C91BC942}") = "imago", "libs\imago\imago.vcxproj", "{5DDB5403-A105-470E-882B-4276EFDDAAB0}"
EndProject
Project("{8BC9CEB8-8B4A-11D0-8D11-00A0C91BC942}") = "mikmod", "libs\mikmod\mikmod.vcxproj", "{A5835F2B-734E-4730-8D0B-6288CDA4F73C}"
EndProject
Global
	GlobalSection(SolutionConfigurationPlatforms) = preSolution
		Debug|Win32 = Debug|Win32
		Release|Win32 = Release|Win32
	EndGlobalSection
	GlobalSection(ProjectConfigurationPlatforms) = postSolution
		{15AB3B8C-B8BE-42ED-9DBC-EAE9C8FB9B9F}.Debug|Win32.ActiveCfg = Debug|Win32
		{15AB3B8C-B8BE-42ED-9DBC-EAE9C8FB9B9F}.Debug|Win32.Build.0 = Debug|Win32
		{15AB3B8C-B8BE-42ED-9DBC-EAE9C8FB9B9F}.Release|Win32.ActiveCfg = Release|Win32
		{15AB3B8C-B8BE-42ED-9DBC-EAE9C8FB9B9F}.Release|Win32.Build.0 = Release|Win32
		{5DDB5403-A105-470E-882B-4276EFDDAAB0}.Debug|Win32.ActiveCfg = Debug|Win32
		{5DDB5403-A105-470E-882B-4276EFDDAAB0}.Debug|Win32.Build.0 = Debug|Win32
		{5DDB5403-A105-470E-882B-4276EFDDAAB0}.Release|Win32.ActiveCfg = Release|Win32
		{5DDB5403-A105-470E-882B-4276EFDDAAB0}.Release|Win32.Build.0 = Release|Win32
		{A5835F2B-734E-4730-8D0B-6288CDA4F73C}.Debug|Win32.ActiveCfg = Debug|Win32
		{A5835F2B-734E-4730-8D0B-6288CDA4F73C}.Debug|Win32.Build.0 = Debug|Win32
		{A5835F2B-734E-4730-8D0B-6288CDA4F73C}.Release|Win32.ActiveCfg = Release|Win32
		{A5835F2B-734E-4730-8D0B-6288CDA4F73C}.Release|Win32.Build.0 = Release|Win32
	EndGlobalSection
	GlobalSection(SolutionProperties) = preSolution
		HideSolutionNode = FALSE
	EndGlobalSection
EndGlobal
