<?xml version="1.0" encoding="utf-8"?>
<Project ToolsVersion="4.0" xmlns="http://schemas.microsoft.com/developer/msbuild/2003">
  <ItemGroup>
    <Filter Include="src">
      <UniqueIdentifier>{4FC737F1-C7A5-4376-A066-2A32D752A2FF}</UniqueIdentifier>
      <Extensions>cpp;c;cc;cxx;def;odl;idl;hpj;bat;asm;asmx;h;inl</Extensions>
    </Filter>
    <Filter Include="src\sdl">
      <UniqueIdentifier>{75ea1193-5afc-4dfe-ad41-ee85b47b7d35}</UniqueIdentifier>
    </Filter>
  </ItemGroup>
  <ItemGroup>
    <ClCompile Include="src\demo.c">
      <Filter>src</Filter>
    </ClCompile>
    <ClCompile Include="src\screen.c">
      <Filter>src</Filter>
    </ClCompile>
    <ClCompile Include="src\tunnel.c">
      <Filter>src</Filter>
    </ClCompile>
    <ClCompile Include="src\sdl\main.c">
      <Filter>src\sdl</Filter>
    </ClCompile>
    <ClCompile Include="src\fract.c">
      <Filter>src</Filter>
    </ClCompile>
    <ClCompile Include="src\gfxutil.c">
      <Filter>src</Filter>
    </ClCompile>
    <ClCompile Include="src\grise.c">
      <Filter>src</Filter>
    </ClCompile>
    <ClCompile Include="src\3dgfx.c">
      <Filter>src</Filter>
    </ClCompile>
    <ClCompile Include="src\polyfill.c">
      <Filter>src</Filter>
    </ClCompile>
    <ClCompile Include="src\polytest.c">
      <Filter>src</Filter>
    </ClCompile>
  </ItemGroup>
  <ItemGroup>
    <ClInclude Include="src\demo.h">
      <Filter>src</Filter>
    </ClInclude>
    <ClInclude Include="src\screen.h">
      <Filter>src</Filter>
    </ClInclude>
    <ClInclude Include="src\gfxutil.h">
      <Filter>src</Filter>
    </ClInclude>
  </ItemGroup>
</Project>